
Microsoft Visual Studio Solution File, Format Version 12.00
# Visual Studio Version 16
VisualStudioVersion = 16.0.28922.388
MinimumVisualStudioVersion = 10.0.40219.1
Project("{FAE04EC0-301F-11D3-BF4B-00C04F79EFBC}") = "AirtableClientWrapper", "AirtableClientWrapper\AirtableClientWrapper.csproj", "{E6C0F881-ADE4-46F6-B418-44DA13F5A372}"
EndProject
Project("{9A19103F-16F7-4668-BE54-9A1E7A4F7556}") = "AirtableClientWrapperTests", "AirtableClientWrapperTests\AirtableClientWrapperTests.csproj", "{3890C390-85DB-4908-AB33-07995C0D4613}"
EndProject
Project("{FAE04EC0-301F-11D3-BF4B-00C04F79EFBC}") = "ConsoleApp1", "ConsoleApp1\ConsoleApp1.csproj", "{816D94DD-0834-494F-8619-D93F66DF39BC}"
EndProject
Project("{FAE04EC0-301F-11D3-BF4B-00C04F79EFBC}") = "UnitTestProject1", "UnitTestProject1\UnitTestProject1.csproj", "{432F7FE9-2467-4641-8F52-7658928A8CBB}"
EndProject
Global
	GlobalSection(SolutionConfigurationPlatforms) = preSolution
		Debug|Any CPU = Debug|Any CPU
		Release|Any CPU = Release|Any CPU
	EndGlobalSection
	GlobalSection(ProjectConfigurationPlatforms) = postSolution
		{E6C0F881-ADE4-46F6-B418-44DA13F5A372}.Debug|Any CPU.ActiveCfg = Debug|Any CPU
		{E6C0F881-ADE4-46F6-B418-44DA13F5A372}.Debug|Any CPU.Build.0 = Debug|Any CPU
		{E6C0F881-ADE4-46F6-B418-44DA13F5A372}.Release|Any CPU.ActiveCfg = Release|Any CPU
		{E6C0F881-ADE4-46F6-B418-44DA13F5A372}.Release|Any CPU.Build.0 = Release|Any CPU
		{3890C390-85DB-4908-AB33-07995C0D4613}.Debug|Any CPU.ActiveCfg = Debug|Any CPU
		{3890C390-85DB-4908-AB33-07995C0D4613}.Debug|Any CPU.Build.0 = Debug|Any CPU
		{3890C390-85DB-4908-AB33-07995C0D4613}.Release|Any CPU.ActiveCfg = Release|Any CPU
		{3890C390-85DB-4908-AB33-07995C0D4613}.Release|Any CPU.Build.0 = Release|Any CPU
		{816D94DD-0834-494F-8619-D93F66DF39BC}.Debug|Any CPU.ActiveCfg = Debug|Any CPU
		{816D94DD-0834-494F-8619-D93F66DF39BC}.Debug|Any CPU.Build.0 = Debug|Any CPU
		{816D94DD-0834-494F-8619-D93F66DF39BC}.Release|Any CPU.ActiveCfg = Release|Any CPU
		{816D94DD-0834-494F-8619-D93F66DF39BC}.Release|Any CPU.Build.0 = Release|Any CPU
		{432F7FE9-2467-4641-8F52-7658928A8CBB}.Debug|Any CPU.ActiveCfg = Debug|Any CPU
		{432F7FE9-2467-4641-8F52-7658928A8CBB}.Debug|Any CPU.Build.0 = Debug|Any CPU
		{432F7FE9-2467-4641-8F52-7658928A8CBB}.Release|Any CPU.ActiveCfg = Release|Any CPU
		{432F7FE9-2467-4641-8F52-7658928A8CBB}.Release|Any CPU.Build.0 = Release|Any CPU
	EndGlobalSection
	GlobalSection(SolutionProperties) = preSolution
		HideSolutionNode = FALSE
	EndGlobalSection
	GlobalSection(ExtensibilityGlobals) = postSolution
		SolutionGuid = {C71B7A95-5EFA-4326-B079-09DD9355A3DF}
	EndGlobalSection
EndGlobal
